
Microsoft Visual Studio Solution File, Format Version 12.00
# Visual Studio Version 17
VisualStudioVersion = 17.3.32929.385
MinimumVisualStudioVersion = 10.0.40219.1
Project("{2150E333-8FDC-42A3-9474-1A3956D46DE8}") = "Presentation", "Presentation", "{CA81909F-76EA-49A4-B226-A23499592C2E}"
EndProject
Project("{FAE04EC0-301F-11D3-BF4B-00C04F79EFBC}") = "Auth.WebAPI", "Auth.WebAPI\Auth.WebAPI.csproj", "{F986C5FB-8C48-441D-ABB4-D784A64EA30D}"
EndProject
Project("{2150E333-8FDC-42A3-9474-1A3956D46DE8}") = "Services", "Services", "{FB2A4CBF-221C-416C-8C17-12DB3CB1760B}"
EndProject
Project("{FAE04EC0-301F-11D3-BF4B-00C04F79EFBC}") = "Auth.Services", "Auth.Services\Auth.Services.csproj", "{28DE9E43-1416-45B9-BCAC-98078888C3FD}"
EndProject
Project("{2150E333-8FDC-42A3-9474-1A3956D46DE8}") = "Application", "Application", "{CCA27157-4BEF-4828-96B1-FAAF62BB7324}"
EndProject
Project("{FAE04EC0-301F-11D3-BF4B-00C04F79EFBC}") = "Auth.Application", "Auth.Application\Auth.Application.csproj", "{CB17F614-2A25-42A1-B87D-E22064BEA56B}"
EndProject
Project("{2150E333-8FDC-42A3-9474-1A3956D46DE8}") = "Domain", "Domain", "{27E0A661-9CCE-4414-938A-50B3223296F1}"
EndProject
Project("{FAE04EC0-301F-11D3-BF4B-00C04F79EFBC}") = "Auth.Domain", "Auth.Domain\Auth.Domain.csproj", "{BB588003-5AE8-4F43-811D-B8D96467433A}"
EndProject
Project("{2150E333-8FDC-42A3-9474-1A3956D46DE8}") = "Infra", "Infra", "{7541D595-10B0-4E20-85D4-E1E635932FDE}"
EndProject
Project("{2150E333-8FDC-42A3-9474-1A3956D46DE8}") = "Data", "Data", "{9D803F3C-DB64-4CEC-A135-E341F22F2276}"
EndProject
Project("{2150E333-8FDC-42A3-9474-1A3956D46DE8}") = "CrossCutting", "CrossCutting", "{D4D5CA70-41B6-4611-8EC3-56259235D118}"
EndProject
Project("{FAE04EC0-301F-11D3-BF4B-00C04F79EFBC}") = "Auth.Infra.Data", "Auth.Infra.Data\Auth.Infra.Data.csproj", "{A217C1A6-DF5A-42B0-BB42-A335BAE4A96A}"
EndProject
Project("{FAE04EC0-301F-11D3-BF4B-00C04F79EFBC}") = "Auth.Infra.Ioc", "Auth.Infra.Ioc\Auth.Infra.Ioc.csproj", "{015741F4-85B6-426B-A2CD-DDF73EA1CA2C}"
EndProject
Global
	GlobalSection(SolutionConfigurationPlatforms) = preSolution
		Debug|Any CPU = Debug|Any CPU
		Release|Any CPU = Release|Any CPU
	EndGlobalSection
	GlobalSection(ProjectConfigurationPlatforms) = postSolution
		{F986C5FB-8C48-441D-ABB4-D784A64EA30D}.Debug|Any CPU.ActiveCfg = Debug|Any CPU
		{F986C5FB-8C48-441D-ABB4-D784A64EA30D}.Debug|Any CPU.Build.0 = Debug|Any CPU
		{F986C5FB-8C48-441D-ABB4-D784A64EA30D}.Release|Any CPU.ActiveCfg = Release|Any CPU
		{F986C5FB-8C48-441D-ABB4-D784A64EA30D}.Release|Any CPU.Build.0 = Release|Any CPU
		{28DE9E43-1416-45B9-BCAC-98078888C3FD}.Debug|Any CPU.ActiveCfg = Debug|Any CPU
		{28DE9E43-1416-45B9-BCAC-98078888C3FD}.Debug|Any CPU.Build.0 = Debug|Any CPU
		{28DE9E43-1416-45B9-BCAC-98078888C3FD}.Release|Any CPU.ActiveCfg = Release|Any CPU
		{28DE9E43-1416-45B9-BCAC-98078888C3FD}.Release|Any CPU.Build.0 = Release|Any CPU
		{CB17F614-2A25-42A1-B87D-E22064BEA56B}.Debug|Any CPU.ActiveCfg = Debug|Any CPU
		{CB17F614-2A25-42A1-B87D-E22064BEA56B}.Debug|Any CPU.Build.0 = Debug|Any CPU
		{CB17F614-2A25-42A1-B87D-E22064BEA56B}.Release|Any CPU.ActiveCfg = Release|Any CPU
		{CB17F614-2A25-42A1-B87D-E22064BEA56B}.Release|Any CPU.Build.0 = Release|Any CPU
		{BB588003-5AE8-4F43-811D-B8D96467433A}.Debug|Any CPU.ActiveCfg = Debug|Any CPU
		{BB588003-5AE8-4F43-811D-B8D96467433A}.Debug|Any CPU.Build.0 = Debug|Any CPU
		{BB588003-5AE8-4F43-811D-B8D96467433A}.Release|Any CPU.ActiveCfg = Release|Any CPU
		{BB588003-5AE8-4F43-811D-B8D96467433A}.Release|Any CPU.Build.0 = Release|Any CPU
		{A217C1A6-DF5A-42B0-BB42-A335BAE4A96A}.Debug|Any CPU.ActiveCfg = Debug|Any CPU
		{A217C1A6-DF5A-42B0-BB42-A335BAE4A96A}.Debug|Any CPU.Build.0 = Debug|Any CPU
		{A217C1A6-DF5A-42B0-BB42-A335BAE4A96A}.Release|Any CPU.ActiveCfg = Release|Any CPU
		{A217C1A6-DF5A-42B0-BB42-A335BAE4A96A}.Release|Any CPU.Build.0 = Release|Any CPU
		{015741F4-85B6-426B-A2CD-DDF73EA1CA2C}.Debug|Any CPU.ActiveCfg = Debug|Any CPU
		{015741F4-85B6-426B-A2CD-DDF73EA1CA2C}.Debug|Any CPU.Build.0 = Debug|Any CPU
		{015741F4-85B6-426B-A2CD-DDF73EA1CA2C}.Release|Any CPU.ActiveCfg = Release|Any CPU
		{015741F4-85B6-426B-A2CD-DDF73EA1CA2C}.Release|Any CPU.Build.0 = Release|Any CPU
	EndGlobalSection
	GlobalSection(SolutionProperties) = preSolution
		HideSolutionNode = FALSE
	EndGlobalSection
	GlobalSection(NestedProjects) = preSolution
		{F986C5FB-8C48-441D-ABB4-D784A64EA30D} = {CA81909F-76EA-49A4-B226-A23499592C2E}
		{28DE9E43-1416-45B9-BCAC-98078888C3FD} = {FB2A4CBF-221C-416C-8C17-12DB3CB1760B}
		{CB17F614-2A25-42A1-B87D-E22064BEA56B} = {CCA27157-4BEF-4828-96B1-FAAF62BB7324}
		{BB588003-5AE8-4F43-811D-B8D96467433A} = {27E0A661-9CCE-4414-938A-50B3223296F1}
		{9D803F3C-DB64-4CEC-A135-E341F22F2276} = {7541D595-10B0-4E20-85D4-E1E635932FDE}
		{D4D5CA70-41B6-4611-8EC3-56259235D118} = {7541D595-10B0-4E20-85D4-E1E635932FDE}
		{A217C1A6-DF5A-42B0-BB42-A335BAE4A96A} = {9D803F3C-DB64-4CEC-A135-E341F22F2276}
		{015741F4-85B6-426B-A2CD-DDF73EA1CA2C} = {D4D5CA70-41B6-4611-8EC3-56259235D118}
	EndGlobalSection
	GlobalSection(ExtensibilityGlobals) = postSolution
		SolutionGuid = {17FB3573-2640-416A-A990-A9F82209B899}
	EndGlobalSection
EndGlobal
